
Microsoft Visual Studio Solution File, Format Version 12.00
# Visual Studio Version 17
VisualStudioVersion = 17.12.35707.178 d17.12
MinimumVisualStudioVersion = 10.0.40219.1
Project("{FAE04EC0-301F-11D3-BF4B-00C04F79EFBC}") = "DistanceMatrixService", "DistanceMatrixService\DistanceMatrixService.csproj", "{E49D862F-5325-49E6-BE05-7563924F978B}"
EndProject
Project("{FAE04EC0-301F-11D3-BF4B-00C04F79EFBC}") = "TempWebApp", "TempWebApp\TempWebApp.csproj", "{7DF43D88-4395-46B0-9F2C-9E11FD6556EF}"
	ProjectSection(ProjectDependencies) = postProject
		{E49D862F-5325-49E6-BE05-7563924F978B} = {E49D862F-5325-49E6-BE05-7563924F978B}
	EndProjectSection
EndProject
Global
	GlobalSection(SolutionConfigurationPlatforms) = preSolution
		Debug|Any CPU = Debug|Any CPU
		Release|Any CPU = Release|Any CPU
	EndGlobalSection
	GlobalSection(ProjectConfigurationPlatforms) = postSolution
		{E49D862F-5325-49E6-BE05-7563924F978B}.Debug|Any CPU.ActiveCfg = Debug|Any CPU
		{E49D862F-5325-49E6-BE05-7563924F978B}.Debug|Any CPU.Build.0 = Debug|Any CPU
		{E49D862F-5325-49E6-BE05-7563924F978B}.Release|Any CPU.ActiveCfg = Release|Any CPU
		{E49D862F-5325-49E6-BE05-7563924F978B}.Release|Any CPU.Build.0 = Release|Any CPU
		{7DF43D88-4395-46B0-9F2C-9E11FD6556EF}.Debug|Any CPU.ActiveCfg = Debug|Any CPU
		{7DF43D88-4395-46B0-9F2C-9E11FD6556EF}.Debug|Any CPU.Build.0 = Debug|Any CPU
		{7DF43D88-4395-46B0-9F2C-9E11FD6556EF}.Release|Any CPU.ActiveCfg = Release|Any CPU
		{7DF43D88-4395-46B0-9F2C-9E11FD6556EF}.Release|Any CPU.Build.0 = Release|Any CPU
	EndGlobalSection
	GlobalSection(SolutionProperties) = preSolution
		HideSolutionNode = FALSE
	EndGlobalSection
EndGlobal
